
Microsoft Visual Studio Solution File, Format Version 12.00
# Visual Studio Version 17
VisualStudioVersion = 17.6.33815.320
MinimumVisualStudioVersion = 10.0.40219.1
Project("{8BC9CEB8-8B4A-11D0-8D11-00A0C91BC942}") = "PyDispatchEx", "PyDispatchEx\PyDispatchEx.vcxproj", "{0E7DCE29-3E43-460E-AF07-C22B04414C2D}"
EndProject
Project("{8BC9CEB8-8B4A-11D0-8D11-00A0C91BC942}") = "cppclient", "cppclient\cppclient.vcxproj", "{4B3DE1D8-20C1-4F5E-B893-897E9A538385}"
EndProject
Global
	GlobalSection(SolutionConfigurationPlatforms) = preSolution
		Debug|x64 = Debug|x64
		Debug|x86 = Debug|x86
		Release|x64 = Release|x64
		Release|x86 = Release|x86
	EndGlobalSection
	GlobalSection(ProjectConfigurationPlatforms) = postSolution
		{0E7DCE29-3E43-460E-AF07-C22B04414C2D}.Debug|x64.ActiveCfg = Debug|x64
		{0E7DCE29-3E43-460E-AF07-C22B04414C2D}.Debug|x64.Build.0 = Debug|x64
		{0E7DCE29-3E43-460E-AF07-C22B04414C2D}.Debug|x86.ActiveCfg = Debug|Win32
		{0E7DCE29-3E43-460E-AF07-C22B04414C2D}.Debug|x86.Build.0 = Debug|Win32
		{0E7DCE29-3E43-460E-AF07-C22B04414C2D}.Release|x64.ActiveCfg = Release|x64
		{0E7DCE29-3E43-460E-AF07-C22B04414C2D}.Release|x64.Build.0 = Release|x64
		{0E7DCE29-3E43-460E-AF07-C22B04414C2D}.Release|x86.ActiveCfg = Release|Win32
		{0E7DCE29-3E43-460E-AF07-C22B04414C2D}.Release|x86.Build.0 = Release|Win32
		{4B3DE1D8-20C1-4F5E-B893-897E9A538385}.Debug|x64.ActiveCfg = Debug|x64
		{4B3DE1D8-20C1-4F5E-B893-897E9A538385}.Debug|x64.Build.0 = Debug|x64
		{4B3DE1D8-20C1-4F5E-B893-897E9A538385}.Debug|x86.ActiveCfg = Debug|Win32
		{4B3DE1D8-20C1-4F5E-B893-897E9A538385}.Debug|x86.Build.0 = Debug|Win32
		{4B3DE1D8-20C1-4F5E-B893-897E9A538385}.Release|x64.ActiveCfg = Release|x64
		{4B3DE1D8-20C1-4F5E-B893-897E9A538385}.Release|x64.Build.0 = Release|x64
		{4B3DE1D8-20C1-4F5E-B893-897E9A538385}.Release|x86.ActiveCfg = Release|Win32
		{4B3DE1D8-20C1-4F5E-B893-897E9A538385}.Release|x86.Build.0 = Release|Win32
	EndGlobalSection
	GlobalSection(SolutionProperties) = preSolution
		HideSolutionNode = FALSE
	EndGlobalSection
	GlobalSection(ExtensibilityGlobals) = postSolution
		SolutionGuid = {6206D9F6-1073-4703-B361-7E56D8667C24}
	EndGlobalSection
EndGlobal
